
Microsoft Visual Studio Solution File, Format Version 12.00
# Visual Studio Version 16
VisualStudioVersion = 16.0.31829.152
MinimumVisualStudioVersion = 10.0.40219.1
Project("{FAE04EC0-301F-11D3-BF4B-00C04F79EFBC}") = "VS10.1", "VS10.1\VS10.1.csproj", "{4CC399C4-518E-4F3F-AA87-583475A44A7F}"
EndProject
Global
	GlobalSection(SolutionConfigurationPlatforms) = preSolution
		Debug|Any CPU = Debug|Any CPU
		Release|Any CPU = Release|Any CPU
	EndGlobalSection
	GlobalSection(ProjectConfigurationPlatforms) = postSolution
		{4CC399C4-518E-4F3F-AA87-583475A44A7F}.Debug|Any CPU.ActiveCfg = Debug|Any CPU
		{4CC399C4-518E-4F3F-AA87-583475A44A7F}.Debug|Any CPU.Build.0 = Debug|Any CPU
		{4CC399C4-518E-4F3F-AA87-583475A44A7F}.Release|Any CPU.ActiveCfg = Release|Any CPU
		{4CC399C4-518E-4F3F-AA87-583475A44A7F}.Release|Any CPU.Build.0 = Release|Any CPU
	EndGlobalSection
	GlobalSection(SolutionProperties) = preSolution
		HideSolutionNode = FALSE
	EndGlobalSection
	GlobalSection(ExtensibilityGlobals) = postSolution
		SolutionGuid = {DE09F225-43BA-4131-AB8F-698196D079B7}
	EndGlobalSection
EndGlobal
